
Microsoft Visual Studio Solution File, Format Version 12.00
# Visual Studio Version 17
VisualStudioVersion = 17.4.33110.190
MinimumVisualStudioVersion = 10.0.40219.1
Project("{FAE04EC0-301F-11D3-BF4B-00C04F79EFBC}") = "MarketHoursUtility", "MarketHoursUtility\MarketHoursUtility.csproj", "{093EEDEA-4CD9-424B-91CE-194762AB84F9}"
EndProject
Project("{FAE04EC0-301F-11D3-BF4B-00C04F79EFBC}") = "MarketHoursUtilityTests", "MarketHoursUtilityTests\MarketHoursUtilityTests.csproj", "{45E34C5D-4F70-4E5A-97C5-384E1C18BFFE}"
EndProject
Project("{FAE04EC0-301F-11D3-BF4B-00C04F79EFBC}") = "ConsoleApp1", "ConsoleApp1\ConsoleApp1.csproj", "{A1043A99-F568-4528-8768-C380D48B746B}"
EndProject
Global
	GlobalSection(SolutionConfigurationPlatforms) = preSolution
		Debug|Any CPU = Debug|Any CPU
		Release|Any CPU = Release|Any CPU
	EndGlobalSection
	GlobalSection(ProjectConfigurationPlatforms) = postSolution
		{093EEDEA-4CD9-424B-91CE-194762AB84F9}.Debug|Any CPU.ActiveCfg = Debug|Any CPU
		{093EEDEA-4CD9-424B-91CE-194762AB84F9}.Debug|Any CPU.Build.0 = Debug|Any CPU
		{093EEDEA-4CD9-424B-91CE-194762AB84F9}.Release|Any CPU.ActiveCfg = Release|Any CPU
		{093EEDEA-4CD9-424B-91CE-194762AB84F9}.Release|Any CPU.Build.0 = Release|Any CPU
		{45E34C5D-4F70-4E5A-97C5-384E1C18BFFE}.Debug|Any CPU.ActiveCfg = Debug|Any CPU
		{45E34C5D-4F70-4E5A-97C5-384E1C18BFFE}.Debug|Any CPU.Build.0 = Debug|Any CPU
		{45E34C5D-4F70-4E5A-97C5-384E1C18BFFE}.Release|Any CPU.ActiveCfg = Release|Any CPU
		{45E34C5D-4F70-4E5A-97C5-384E1C18BFFE}.Release|Any CPU.Build.0 = Release|Any CPU
		{A1043A99-F568-4528-8768-C380D48B746B}.Debug|Any CPU.ActiveCfg = Debug|Any CPU
		{A1043A99-F568-4528-8768-C380D48B746B}.Debug|Any CPU.Build.0 = Debug|Any CPU
		{A1043A99-F568-4528-8768-C380D48B746B}.Release|Any CPU.ActiveCfg = Release|Any CPU
		{A1043A99-F568-4528-8768-C380D48B746B}.Release|Any CPU.Build.0 = Release|Any CPU
	EndGlobalSection
	GlobalSection(SolutionProperties) = preSolution
		HideSolutionNode = FALSE
	EndGlobalSection
	GlobalSection(ExtensibilityGlobals) = postSolution
		SolutionGuid = {9DD5F913-8207-4714-B2B4-B656C8041D04}
	EndGlobalSection
EndGlobal
